// !$*UTF8*$!
{
	archiveVersion = 1;
	classes = {
	};
	objectVersion = 46;
	objects = {

/* Begin PBXBuildFile section */
		764F10AE1CB681BA0078C5D9 /* Hpple.h in Headers */ = {isa = PBXBuildFile; fileRef = 764F10AD1CB681BA0078C5D9 /* Hpple.h */; settings = {ATTRIBUTES = (Public, ); }; };
		764F10C31CB683D60078C5D9 /* libxml2.2.dylib in Frameworks */ = {isa = PBXBuildFile; fileRef = 764F10C21CB683D60078C5D9 /* libxml2.2.dylib */; };
		764F11001CB68DCA0078C5D9 /* Hpple.h in Headers */ = {isa = PBXBuildFile; fileRef = 764F10AD1CB681BA0078C5D9 /* Hpple.h */; settings = {ATTRIBUTES = (Public, ); }; };
		764F11071CB68FAE0078C5D9 /* libxml2.2.dylib in Frameworks */ = {isa = PBXBuildFile; fileRef = 764F10C21CB683D60078C5D9 /* libxml2.2.dylib */; };
		BF88F1321D8F273D002D32CC /* TFHpple.h in Headers */ = {isa = PBXBuildFile; fileRef = BF88F12C1D8F273D002D32CC /* TFHpple.h */; settings = {ATTRIBUTES = (Public, ); }; };
		BF88F1331D8F273D002D32CC /* TFHpple.h in Headers */ = {isa = PBXBuildFile; fileRef = BF88F12C1D8F273D002D32CC /* TFHpple.h */; settings = {ATTRIBUTES = (Public, ); }; };
		BF88F1341D8F273D002D32CC /* TFHppleElement.h in Headers */ = {isa = PBXBuildFile; fileRef = BF88F12D1D8F273D002D32CC /* TFHppleElement.h */; settings = {ATTRIBUTES = (Public, ); }; };
		BF88F1351D8F273D002D32CC /* TFHppleElement.h in Headers */ = {isa = PBXBuildFile; fileRef = BF88F12D1D8F273D002D32CC /* TFHppleElement.h */; settings = {ATTRIBUTES = (Public, ); }; };
		BF88F1361D8F273D002D32CC /* TFHpple.m in Sources */ = {isa = PBXBuildFile; fileRef = BF88F12E1D8F273D002D32CC /* TFHpple.m */; };
		BF88F1371D8F273D002D32CC /* TFHpple.m in Sources */ = {isa = PBXBuildFile; fileRef = BF88F12E1D8F273D002D32CC /* TFHpple.m */; };
		BF88F1381D8F273D002D32CC /* TFHppleElement.m in Sources */ = {isa = PBXBuildFile; fileRef = BF88F12F1D8F273D002D32CC /* TFHppleElement.m */; };
		BF88F1391D8F273D002D32CC /* TFHppleElement.m in Sources */ = {isa = PBXBuildFile; fileRef = BF88F12F1D8F273D002D32CC /* TFHppleElement.m */; };
		BF88F13A1D8F273D002D32CC /* XPathQuery.h in Headers */ = {isa = PBXBuildFile; fileRef = BF88F1301D8F273D002D32CC /* XPathQuery.h */; };
		BF88F13B1D8F273D002D32CC /* XPathQuery.h in Headers */ = {isa = PBXBuildFile; fileRef = BF88F1301D8F273D002D32CC /* XPathQuery.h */; };
		BF88F13C1D8F273D002D32CC /* XPathQuery.m in Sources */ = {isa = PBXBuildFile; fileRef = BF88F1311D8F273D002D32CC /* XPathQuery.m */; };
		BF88F13D1D8F273D002D32CC /* XPathQuery.m in Sources */ = {isa = PBXBuildFile; fileRef = BF88F1311D8F273D002D32CC /* XPathQuery.m */; };
/* End PBXBuildFile section */

/* Begin PBXFileReference section */
		764F10AA1CB681BA0078C5D9 /* hpple.framework */ = {isa = PBXFileReference; explicitFileType = wrapper.framework; includeInIndex = 0; path = hpple.framework; sourceTree = BUILT_PRODUCTS_DIR; };
		764F10AD1CB681BA0078C5D9 /* Hpple.h */ = {isa = PBXFileReference; lastKnownFileType = sourcecode.c.h; path = Hpple.h; sourceTree = "<group>"; };
		764F10AF1CB681BA0078C5D9 /* Info.plist */ = {isa = PBXFileReference; lastKnownFileType = text.plist.xml; path = Info.plist; sourceTree = "<group>"; };
		764F10C21CB683D60078C5D9 /* libxml2.2.dylib */ = {isa = PBXFileReference; lastKnownFileType = "compiled.mach-o.dylib"; name = libxml2.2.dylib; path = /usr/lib/libxml2.2.dylib; sourceTree = "<absolute>"; };
		764F10F81CB68D390078C5D9 /* hpple.framework */ = {isa = PBXFileReference; explicitFileType = wrapper.framework; includeInIndex = 0; path = hpple.framework; sourceTree = BUILT_PRODUCTS_DIR; };
		BF88F12C1D8F273D002D32CC /* TFHpple.h */ = {isa = PBXFileReference; fileEncoding = 4; lastKnownFileType = sourcecode.c.h; path = TFHpple.h; sourceTree = "<group>"; };
		BF88F12D1D8F273D002D32CC /* TFHppleElement.h */ = {isa = PBXFileReference; fileEncoding = 4; lastKnownFileType = sourcecode.c.h; path = TFHppleElement.h; sourceTree = "<group>"; };
		BF88F12E1D8F273D002D32CC /* TFHpple.m */ = {isa = PBXFileReference; fileEncoding = 4; lastKnownFileType = sourcecode.c.objc; path = TFHpple.m; sourceTree = "<group>"; };
		BF88F12F1D8F273D002D32CC /* TFHppleElement.m */ = {isa = PBXFileReference; fileEncoding = 4; lastKnownFileType = sourcecode.c.objc; path = TFHppleElement.m; sourceTree = "<group>"; };
		BF88F1301D8F273D002D32CC /* XPathQuery.h */ = {isa = PBXFileReference; fileEncoding = 4; lastKnownFileType = sourcecode.c.h; path = XPathQuery.h; sourceTree = "<group>"; };
		BF88F1311D8F273D002D32CC /* XPathQuery.m */ = {isa = PBXFileReference; fileEncoding = 4; lastKnownFileType = sourcecode.c.objc; path = XPathQuery.m; sourceTree = "<group>"; };
/* End PBXFileReference section */

/* Begin PBXFrameworksBuildPhase section */
		764F10A61CB681BA0078C5D9 /* Frameworks */ = {
			isa = PBXFrameworksBuildPhase;
			buildActionMask = 2147483647;
			files = (
				764F10C31CB683D60078C5D9 /* libxml2.2.dylib in Frameworks */,
			);
			runOnlyForDeploymentPostprocessing = 0;
		};
		764F10F41CB68D390078C5D9 /* Frameworks */ = {
			isa = PBXFrameworksBuildPhase;
			buildActionMask = 2147483647;
			files = (
				764F11071CB68FAE0078C5D9 /* libxml2.2.dylib in Frameworks */,
			);
			runOnlyForDeploymentPostprocessing = 0;
		};
/* End PBXFrameworksBuildPhase section */

/* Begin PBXGroup section */
		764F10A01CB681BA0078C5D9 = {
			isa = PBXGroup;
			children = (
				764F10AC1CB681BA0078C5D9 /* Hpple */,
				764F10AB1CB681BA0078C5D9 /* Products */,
				764F10C41CB683EB0078C5D9 /* Frameworks */,
			);
			sourceTree = "<group>";
		};
		764F10AB1CB681BA0078C5D9 /* Products */ = {
			isa = PBXGroup;
			children = (
				764F10AA1CB681BA0078C5D9 /* hpple.framework */,
				764F10F81CB68D390078C5D9 /* hpple.framework */,
			);
			name = Products;
			sourceTree = "<group>";
		};
		764F10AC1CB681BA0078C5D9 /* Hpple */ = {
			isa = PBXGroup;
			children = (
				BF88F12A1D8F273D002D32CC /* Sources */,
				764F10AD1CB681BA0078C5D9 /* Hpple.h */,
				764F10AF1CB681BA0078C5D9 /* Info.plist */,
			);
			path = Hpple;
			sourceTree = "<group>";
		};
		764F10C41CB683EB0078C5D9 /* Frameworks */ = {
			isa = PBXGroup;
			children = (
				764F10C21CB683D60078C5D9 /* libxml2.2.dylib */,
			);
			name = Frameworks;
			sourceTree = "<group>";
		};
		BF88F12A1D8F273D002D32CC /* Sources */ = {
			isa = PBXGroup;
			children = (
				BF88F12B1D8F273D002D32CC /* include */,
				BF88F12E1D8F273D002D32CC /* TFHpple.m */,
				BF88F12F1D8F273D002D32CC /* TFHppleElement.m */,
				BF88F1301D8F273D002D32CC /* XPathQuery.h */,
				BF88F1311D8F273D002D32CC /* XPathQuery.m */,
			);
			name = Sources;
			path = ../../Sources;
			sourceTree = "<group>";
		};
		BF88F12B1D8F273D002D32CC /* include */ = {
			isa = PBXGroup;
			children = (
				BF88F12C1D8F273D002D32CC /* TFHpple.h */,
				BF88F12D1D8F273D002D32CC /* TFHppleElement.h */,
			);
			path = include;
			sourceTree = "<group>";
		};
/* End PBXGroup section */

/* Begin PBXHeadersBuildPhase section */
		764F10A71CB681BA0078C5D9 /* Headers */ = {
			isa = PBXHeadersBuildPhase;
			buildActionMask = 2147483647;
			files = (
				BF88F1321D8F273D002D32CC /* TFHpple.h in Headers */,
				BF88F13A1D8F273D002D32CC /* XPathQuery.h in Headers */,
				764F10AE1CB681BA0078C5D9 /* Hpple.h in Headers */,
				BF88F1341D8F273D002D32CC /* TFHppleElement.h in Headers */,
			);
			runOnlyForDeploymentPostprocessing = 0;
		};
		764F10F51CB68D390078C5D9 /* Headers */ = {
			isa = PBXHeadersBuildPhase;
			buildActionMask = 2147483647;
			files = (
				BF88F1331D8F273D002D32CC /* TFHpple.h in Headers */,
				BF88F13B1D8F273D002D32CC /* XPathQuery.h in Headers */,
				764F11001CB68DCA0078C5D9 /* Hpple.h in Headers */,
				BF88F1351D8F273D002D32CC /* TFHppleElement.h in Headers */,
			);
			runOnlyForDeploymentPostprocessing = 0;
		};
/* End PBXHeadersBuildPhase section */

/* Begin PBXNativeTarget section */
		764F10A91CB681BA0078C5D9 /* Hpple */ = {
			isa = PBXNativeTarget;
			buildConfigurationList = 764F10B21CB681BA0078C5D9 /* Build configuration list for PBXNativeTarget "Hpple" */;
			buildPhases = (
				764F10A51CB681BA0078C5D9 /* Sources */,
				764F10A61CB681BA0078C5D9 /* Frameworks */,
				764F10A71CB681BA0078C5D9 /* Headers */,
				764F10A81CB681BA0078C5D9 /* Resources */,
			);
			buildRules = (
			);
			dependencies = (
			);
			name = Hpple;
			productName = Hpple;
			productReference = 764F10AA1CB681BA0078C5D9 /* hpple.framework */;
			productType = "com.apple.product-type.framework";
		};
		764F10F71CB68D390078C5D9 /* HppleOSX */ = {
			isa = PBXNativeTarget;
			buildConfigurationList = 764F10FD1CB68D390078C5D9 /* Build configuration list for PBXNativeTarget "HppleOSX" */;
			buildPhases = (
				764F10F31CB68D390078C5D9 /* Sources */,
				764F10F41CB68D390078C5D9 /* Frameworks */,
				764F10F51CB68D390078C5D9 /* Headers */,
				764F10F61CB68D390078C5D9 /* Resources */,
			);
			buildRules = (
			);
			dependencies = (
			);
			name = HppleOSX;
			productName = HppleOSX;
			productReference = 764F10F81CB68D390078C5D9 /* hpple.framework */;
			productType = "com.apple.product-type.framework";
		};
/* End PBXNativeTarget section */

/* Begin PBXProject section */
		764F10A11CB681BA0078C5D9 /* Project object */ = {
			isa = PBXProject;
			attributes = {
				LastUpgradeCheck = 0800;
				ORGANIZATIONNAME = "Mathias Koehnke";
				TargetAttributes = {
					764F10A91CB681BA0078C5D9 = {
						CreatedOnToolsVersion = 7.3;
					};
					764F10F71CB68D390078C5D9 = {
						CreatedOnToolsVersion = 7.3;
					};
				};
			};
			buildConfigurationList = 764F10A41CB681BA0078C5D9 /* Build configuration list for PBXProject "Hpple" */;
			compatibilityVersion = "Xcode 3.2";
			developmentRegion = English;
			hasScannedForEncodings = 0;
			knownRegions = (
				en,
			);
			mainGroup = 764F10A01CB681BA0078C5D9;
			productRefGroup = 764F10AB1CB681BA0078C5D9 /* Products */;
			projectDirPath = "";
			projectRoot = "";
			targets = (
				764F10A91CB681BA0078C5D9 /* Hpple */,
				764F10F71CB68D390078C5D9 /* HppleOSX */,
			);
		};
/* End PBXProject section */

/* Begin PBXResourcesBuildPhase section */
		764F10A81CB681BA0078C5D9 /* Resources */ = {
			isa = PBXResourcesBuildPhase;
			buildActionMask = 2147483647;
			files = (
			);
			runOnlyForDeploymentPostprocessing = 0;
		};
		764F10F61CB68D390078C5D9 /* Resources */ = {
			isa = PBXResourcesBuildPhase;
			buildActionMask = 2147483647;
			files = (
			);
			runOnlyForDeploymentPostprocessing = 0;
		};
/* End PBXResourcesBuildPhase section */

/* Begin PBXSourcesBuildPhase section */
		764F10A51CB681BA0078C5D9 /* Sources */ = {
			isa = PBXSourcesBuildPhase;
			buildActionMask = 2147483647;
			files = (
				BF88F1381D8F273D002D32CC /* TFHppleElement.m in Sources */,
				BF88F13C1D8F273D002D32CC /* XPathQuery.m in Sources */,
				BF88F1361D8F273D002D32CC /* TFHpple.m in Sources */,
			);
			runOnlyForDeploymentPostprocessing = 0;
		};
		764F10F31CB68D390078C5D9 /* Sources */ = {
			isa = PBXSourcesBuildPhase;
			buildActionMask = 2147483647;
			files = (
				BF88F1391D8F273D002D32CC /* TFHppleElement.m in Sources */,
				BF88F13D1D8F273D002D32CC /* XPathQuery.m in Sources */,
				BF88F1371D8F273D002D32CC /* TFHpple.m in Sources */,
			);
			runOnlyForDeploymentPostprocessing = 0;
		};
/* End PBXSourcesBuildPhase section */

/* Begin XCBuildConfiguration section */
		764F10B01CB681BA0078C5D9 /* Debug */ = {
			isa = XCBuildConfiguration;
			buildSettings = {
				ALWAYS_SEARCH_USER_PATHS = NO;
				CLANG_ANALYZER_NONNULL = YES;
				CLANG_CXX_LANGUAGE_STANDARD = "gnu++0x";
				CLANG_CXX_LIBRARY = "libc++";
				CLANG_ENABLE_MODULES = YES;
				CLANG_ENABLE_OBJC_ARC = YES;
				CLANG_WARN_BOOL_CONVERSION = YES;
				CLANG_WARN_CONSTANT_CONVERSION = YES;
				CLANG_WARN_DIRECT_OBJC_ISA_USAGE = YES_ERROR;
				CLANG_WARN_EMPTY_BODY = YES;
				CLANG_WARN_ENUM_CONVERSION = YES;
				CLANG_WARN_INFINITE_RECURSION = YES;
				CLANG_WARN_INT_CONVERSION = YES;
				CLANG_WARN_OBJC_ROOT_CLASS = YES_ERROR;
				CLANG_WARN_SUSPICIOUS_MOVE = YES;
				CLANG_WARN_UNREACHABLE_CODE = YES;
				CLANG_WARN__DUPLICATE_METHOD_MATCH = YES;
				"CODE_SIGN_IDENTITY[sdk=iphoneos*]" = "iPhone Developer";
				COPY_PHASE_STRIP = NO;
				CURRENT_PROJECT_VERSION = 1;
				DEBUG_INFORMATION_FORMAT = dwarf;
				ENABLE_STRICT_OBJC_MSGSEND = YES;
				ENABLE_TESTABILITY = YES;
				GCC_C_LANGUAGE_STANDARD = gnu99;
				GCC_DYNAMIC_NO_PIC = NO;
				GCC_NO_COMMON_BLOCKS = YES;
				GCC_OPTIMIZATION_LEVEL = 0;
				GCC_PREPROCESSOR_DEFINITIONS = (
					"DEBUG=1",
					"$(inherited)",
				);
				GCC_WARN_64_TO_32_BIT_CONVERSION = YES;
				GCC_WARN_ABOUT_RETURN_TYPE = YES_ERROR;
				GCC_WARN_UNDECLARED_SELECTOR = YES;
				GCC_WARN_UNINITIALIZED_AUTOS = YES_AGGRESSIVE;
				GCC_WARN_UNUSED_FUNCTION = YES;
				GCC_WARN_UNUSED_VARIABLE = YES;
				IPHONEOS_DEPLOYMENT_TARGET = 9.3;
				MTL_ENABLE_DEBUG_INFO = YES;
				ONLY_ACTIVE_ARCH = YES;
				SDKROOT = iphoneos;
				TARGETED_DEVICE_FAMILY = "1,2";
				VERSIONING_SYSTEM = "apple-generic";
				VERSION_INFO_PREFIX = "";
			};
			name = Debug;
		};
		764F10B11CB681BA0078C5D9 /* Release */ = {
			isa = XCBuildConfiguration;
			buildSettings = {
				ALWAYS_SEARCH_USER_PATHS = NO;
				CLANG_ANALYZER_NONNULL = YES;
				CLANG_CXX_LANGUAGE_STANDARD = "gnu++0x";
				CLANG_CXX_LIBRARY = "libc++";
				CLANG_ENABLE_MODULES = YES;
				CLANG_ENABLE_OBJC_ARC = YES;
				CLANG_WARN_BOOL_CONVERSION = YES;
				CLANG_WARN_CONSTANT_CONVERSION = YES;
				CLANG_WARN_DIRECT_OBJC_ISA_USAGE = YES_ERROR;
				CLANG_WARN_EMPTY_BODY = YES;
				CLANG_WARN_ENUM_CONVERSION = YES;
				CLANG_WARN_INFINITE_RECURSION = YES;
				CLANG_WARN_INT_CONVERSION = YES;
				CLANG_WARN_OBJC_ROOT_CLASS = YES_ERROR;
				CLANG_WARN_SUSPICIOUS_MOVE = YES;
				CLANG_WARN_UNREACHABLE_CODE = YES;
				CLANG_WARN__DUPLICATE_METHOD_MATCH = YES;
				"CODE_SIGN_IDENTITY[sdk=iphoneos*]" = "iPhone Developer";
				COPY_PHASE_STRIP = NO;
				CURRENT_PROJECT_VERSION = 1;
				DEBUG_INFORMATION_FORMAT = "dwarf-with-dsym";
				ENABLE_NS_ASSERTIONS = NO;
				ENABLE_STRICT_OBJC_MSGSEND = YES;
				GCC_C_LANGUAGE_STANDARD = gnu99;
				GCC_NO_COMMON_BLOCKS = YES;
				GCC_WARN_64_TO_32_BIT_CONVERSION = YES;
				GCC_WARN_ABOUT_RETURN_TYPE = YES_ERROR;
				GCC_WARN_UNDECLARED_SELECTOR = YES;
				GCC_WARN_UNINITIALIZED_AUTOS = YES_AGGRESSIVE;
				GCC_WARN_UNUSED_FUNCTION = YES;
				GCC_WARN_UNUSED_VARIABLE = YES;
				IPHONEOS_DEPLOYMENT_TARGET = 9.3;
				MTL_ENABLE_DEBUG_INFO = NO;
				SDKROOT = iphoneos;
				TARGETED_DEVICE_FAMILY = "1,2";
				VALIDATE_PRODUCT = YES;
				VERSIONING_SYSTEM = "apple-generic";
				VERSION_INFO_PREFIX = "";
			};
			name = Release;
		};
		764F10B31CB681BA0078C5D9 /* Debug */ = {
			isa = XCBuildConfiguration;
			buildSettings = {
				"CODE_SIGN_IDENTITY[sdk=iphoneos*]" = "";
				DEFINES_MODULE = YES;
				DYLIB_COMPATIBILITY_VERSION = 1;
				DYLIB_CURRENT_VERSION = 1;
				DYLIB_INSTALL_NAME_BASE = "@rpath";
				HEADER_SEARCH_PATHS = (
					"$(inherited)",
					/Applications/Xcode.app/Contents/Developer/Toolchains/XcodeDefault.xctoolchain/usr/include,
					"$(SDKROOT)/usr/include/libxml2",
				);
				INFOPLIST_FILE = Hpple/Info.plist;
				INSTALL_PATH = "$(LOCAL_LIBRARY_DIR)/Frameworks";
				LD_RUNPATH_SEARCH_PATHS = "$(inherited) @executable_path/Frameworks @loader_path/Frameworks";
				MODULEMAP_FILE = "$(PROJECT_DIR)/Hpple/module.modulemap";
				PRODUCT_BUNDLE_IDENTIFIER = de.mathiaskoehnke.Hpple;
				PRODUCT_NAME = hpple;
				SKIP_INSTALL = YES;
				SUPPORTED_PLATFORMS = "iphonesimulator iphoneos";
			};
			name = Debug;
		};
		764F10B41CB681BA0078C5D9 /* Release */ = {
			isa = XCBuildConfiguration;
			buildSettings = {
				"CODE_SIGN_IDENTITY[sdk=iphoneos*]" = "";
				DEFINES_MODULE = YES;
				DYLIB_COMPATIBILITY_VERSION = 1;
				DYLIB_CURRENT_VERSION = 1;
				DYLIB_INSTALL_NAME_BASE = "@rpath";
				HEADER_SEARCH_PATHS = (
					"$(inherited)",
					/Applications/Xcode.app/Contents/Developer/Toolchains/XcodeDefault.xctoolchain/usr/include,
					"$(SDKROOT)/usr/include/libxml2",
				);
				INFOPLIST_FILE = Hpple/Info.plist;
				INSTALL_PATH = "$(LOCAL_LIBRARY_DIR)/Frameworks";
				LD_RUNPATH_SEARCH_PATHS = "$(inherited) @executable_path/Frameworks @loader_path/Frameworks";
				MODULEMAP_FILE = "$(PROJECT_DIR)/Hpple/module.modulemap";
				PRODUCT_BUNDLE_IDENTIFIER = de.mathiaskoehnke.Hpple;
				PRODUCT_NAME = hpple;
				SKIP_INSTALL = YES;
				SUPPORTED_PLATFORMS = "iphonesimulator iphoneos";
			};
			name = Release;
		};
		764F10FE1CB68D390078C5D9 /* Debug */ = {
			isa = XCBuildConfiguration;
			buildSettings = {
				CODE_SIGN_IDENTITY = "";
				COMBINE_HIDPI_IMAGES = YES;
				DEFINES_MODULE = YES;
				DYLIB_COMPATIBILITY_VERSION = 1;
				DYLIB_CURRENT_VERSION = 1;
				DYLIB_INSTALL_NAME_BASE = "@rpath";
				FRAMEWORK_VERSION = A;
				HEADER_SEARCH_PATHS = (
					"$(inherited)",
					/Applications/Xcode.app/Contents/Developer/Toolchains/XcodeDefault.xctoolchain/usr/include,
					"$(SDKROOT)/usr/include/libxml2",
				);
				INFOPLIST_FILE = Hpple/Info.plist;
				INSTALL_PATH = "$(LOCAL_LIBRARY_DIR)/Frameworks";
				LD_RUNPATH_SEARCH_PATHS = "$(inherited) @executable_path/../Frameworks @loader_path/Frameworks";
				MACOSX_DEPLOYMENT_TARGET = 10.11;
				MODULEMAP_FILE = "$(PROJECT_DIR)/Hpple/module.modulemap";
				PRODUCT_BUNDLE_IDENTIFIER = de.mathiaskoehnke.HppleOSX;
				PRODUCT_NAME = hpple;
				SDKROOT = macosx;
				SKIP_INSTALL = YES;
			};
			name = Debug;
		};
		764F10FF1CB68D390078C5D9 /* Release */ = {
			isa = XCBuildConfiguration;
			buildSettings = {
				CODE_SIGN_IDENTITY = "";
				COMBINE_HIDPI_IMAGES = YES;
				DEFINES_MODULE = YES;
				DYLIB_COMPATIBILITY_VERSION = 1;
				DYLIB_CURRENT_VERSION = 1;
				DYLIB_INSTALL_NAME_BASE = "@rpath";
				FRAMEWORK_VERSION = A;
				HEADER_SEARCH_PATHS = (
					"$(inherited)",
					/Applications/Xcode.app/Contents/Developer/Toolchains/XcodeDefault.xctoolchain/usr/include,
					"$(SDKROOT)/usr/include/libxml2",
				);
				INFOPLIST_FILE = Hpple/Info.plist;
				INSTALL_PATH = "$(LOCAL_LIBRARY_DIR)/Frameworks";
				LD_RUNPATH_SEARCH_PATHS = "$(inherited) @executable_path/../Frameworks @loader_path/Frameworks";
				MACOSX_DEPLOYMENT_TARGET = 10.11;
				MODULEMAP_FILE = "$(PROJECT_DIR)/Hpple/module.modulemap";
				PRODUCT_BUNDLE_IDENTIFIER = de.mathiaskoehnke.HppleOSX;
				PRODUCT_NAME = hpple;
				SDKROOT = macosx;
				SKIP_INSTALL = YES;
			};
			name = Release;
		};
/* End XCBuildConfiguration section */

/* Begin XCConfigurationList section */
		764F10A41CB681BA0078C5D9 /* Build configuration list for PBXProject "Hpple" */ = {
			isa = XCConfigurationList;
			buildConfigurations = (
				764F10B01CB681BA0078C5D9 /* Debug */,
				764F10B11CB681BA0078C5D9 /* Release */,
			);
			defaultConfigurationIsVisible = 0;
			defaultConfigurationName = Release;
		};
		764F10B21CB681BA0078C5D9 /* Build configuration list for PBXNativeTarget "Hpple" */ = {
			isa = XCConfigurationList;
			buildConfigurations = (
				764F10B31CB681BA0078C5D9 /* Debug */,
				764F10B41CB681BA0078C5D9 /* Release */,
			);
			defaultConfigurationIsVisible = 0;
			defaultConfigurationName = Release;
		};
		764F10FD1CB68D390078C5D9 /* Build configuration list for PBXNativeTarget "HppleOSX" */ = {
			isa = XCConfigurationList;
			buildConfigurations = (
				764F10FE1CB68D390078C5D9 /* Debug */,
				764F10FF1CB68D390078C5D9 /* Release */,
			);
			defaultConfigurationIsVisible = 0;
			defaultConfigurationName = Release;
		};
/* End XCConfigurationList section */
	};
	rootObject = 764F10A11CB681BA0078C5D9 /* Project object */;
}
