// !$*UTF8*$!
{
	archiveVersion = 1;
	classes = {
	};
	objectVersion = 46;
	objects = {

/* Begin PBXBuildFile section */
		380C6FF31E5ED7BF00CD3EBA /* AutoFillInfoForDebug.plist in Resources */ = {isa = PBXBuildFile; fileRef = 380C6FF21E5ED7BF00CD3EBA /* AutoFillInfoForDebug.plist */; };
		381101BE1E5BF25E00A628F9 /* Cartfile in Resources */ = {isa = PBXBuildFile; fileRef = 381101BD1E5BF25E00A628F9 /* Cartfile */; };
		381101C31E5C050000A628F9 /* OnePasswordExtension.framework in Frameworks */ = {isa = PBXBuildFile; fileRef = 381101C21E5C050000A628F9 /* OnePasswordExtension.framework */; };
		381101C51E5C05FA00A628F9 /* SchoolCollectionViewController.swift in Sources */ = {isa = PBXBuildFile; fileRef = 381101C41E5C05FA00A628F9 /* SchoolCollectionViewController.swift */; };
		3816342F1E4C318100B76E78 /* AuthenticationError_UBC.js in Resources */ = {isa = PBXBuildFile; fileRef = 3816342E1E4C318100B76E78 /* AuthenticationError_UBC.js */; };
		381634311E4C322300B76E78 /* AuthenticationError_KPU.js in Resources */ = {isa = PBXBuildFile; fileRef = 381634301E4C322300B76E78 /* AuthenticationError_KPU.js */; };
		381634331E4C32A100B76E78 /* AuthenticationError_DC.js in Resources */ = {isa = PBXBuildFile; fileRef = 381634321E4C32A100B76E78 /* AuthenticationError_DC.js */; };
		381634351E4C34E400B76E78 /* AuthenticationError_CU.js in Resources */ = {isa = PBXBuildFile; fileRef = 381634341E4C34E400B76E78 /* AuthenticationError_CU.js */; };
		381634371E4C380500B76E78 /* AuthenticationError_EC.js in Resources */ = {isa = PBXBuildFile; fileRef = 381634361E4C380500B76E78 /* AuthenticationError_EC.js */; };
		381634391E4C383800B76E78 /* AuthenticationError_BCIT.js in Resources */ = {isa = PBXBuildFile; fileRef = 381634381E4C383800B76E78 /* AuthenticationError_BCIT.js */; };
		3816343B1E4C38C200B76E78 /* AuthenticationError_LC.js in Resources */ = {isa = PBXBuildFile; fileRef = 3816343A1E4C38C200B76E78 /* AuthenticationError_LC.js */; };
		3816343D1E4C39B500B76E78 /* AuthenticationError_VCC.js in Resources */ = {isa = PBXBuildFile; fileRef = 3816343C1E4C39B500B76E78 /* AuthenticationError_VCC.js */; };
		382599A51E41671600349582 /* SignInViewController.swift in Sources */ = {isa = PBXBuildFile; fileRef = 382599A41E41671600349582 /* SignInViewController.swift */; };
		382599A71E41675100349582 /* RenewViewController.swift in Sources */ = {isa = PBXBuildFile; fileRef = 382599A61E41675100349582 /* RenewViewController.swift */; };
		382599A91E4172B400349582 /* KeychainHelper.swift in Sources */ = {isa = PBXBuildFile; fileRef = 382599A81E4172B400349582 /* KeychainHelper.swift */; };
		382599AF1E417E0500349582 /* Schools.swift in Sources */ = {isa = PBXBuildFile; fileRef = 382599AE1E417E0500349582 /* Schools.swift */; };
		382599B11E41911400349582 /* SettingsViewController.swift in Sources */ = {isa = PBXBuildFile; fileRef = 382599B01E41911400349582 /* SettingsViewController.swift */; };
		385EE1C21E47E01000E83373 /* AuthenticationError_SFU.js in Resources */ = {isa = PBXBuildFile; fileRef = 385EE1C11E47E01000E83373 /* AuthenticationError_SFU.js */; };
		387A1E451E4ACE8800650D32 /* WebView.swift in Sources */ = {isa = PBXBuildFile; fileRef = 387A1E441E4ACE8800650D32 /* WebView.swift */; };
		387A1E471E4ADAA000650D32 /* RenewPassError.swift in Sources */ = {isa = PBXBuildFile; fileRef = 387A1E461E4ADAA000650D32 /* RenewPassError.swift */; };
		387A1E491E4B959700650D32 /* Authenticate_UBC.js in Resources */ = {isa = PBXBuildFile; fileRef = 387A1E481E4B959700650D32 /* Authenticate_UBC.js */; };
		387A1E4B1E4C0B1F00650D32 /* Authenticate_KPU.js in Resources */ = {isa = PBXBuildFile; fileRef = 387A1E4A1E4C0B1F00650D32 /* Authenticate_KPU.js */; };
		387A1E4D1E4C0C4200650D32 /* Authenticate_DC.js in Resources */ = {isa = PBXBuildFile; fileRef = 387A1E4C1E4C0C4200650D32 /* Authenticate_DC.js */; };
		387A1E4F1E4C0E1D00650D32 /* Authenticate_BCIT.js in Resources */ = {isa = PBXBuildFile; fileRef = 387A1E4E1E4C0E1D00650D32 /* Authenticate_BCIT.js */; };
		387A1E511E4C0FF600650D32 /* Authenticate_CU.js in Resources */ = {isa = PBXBuildFile; fileRef = 387A1E501E4C0FF600650D32 /* Authenticate_CU.js */; };
		387A1E531E4C10AC00650D32 /* Authenticate_EC.js in Resources */ = {isa = PBXBuildFile; fileRef = 387A1E521E4C10AC00650D32 /* Authenticate_EC.js */; };
		387A1E551E4C11E100650D32 /* Authenticate_LC.js in Resources */ = {isa = PBXBuildFile; fileRef = 387A1E541E4C11E100650D32 /* Authenticate_LC.js */; };
		387A1E571E4C12A600650D32 /* Authenticate_VCC.js in Resources */ = {isa = PBXBuildFile; fileRef = 387A1E561E4C12A600650D32 /* Authenticate_VCC.js */; };
		388C42F21E46A79F00BD1A56 /* SelectSchool.js in Resources */ = {isa = PBXBuildFile; fileRef = 388C42F11E46A79F00BD1A56 /* SelectSchool.js */; };
		388C42F41E46AE3300BD1A56 /* Authenticate_SFU.js in Resources */ = {isa = PBXBuildFile; fileRef = 388C42F31E46AE3300BD1A56 /* Authenticate_SFU.js */; };
		388C42F61E46B05300BD1A56 /* CheckUPass.js in Resources */ = {isa = PBXBuildFile; fileRef = 388C42F51E46B05300BD1A56 /* CheckUPass.js */; };
		389F9ED91E41332B00EF6F88 /* AppDelegate.swift in Sources */ = {isa = PBXBuildFile; fileRef = 389F9ED81E41332B00EF6F88 /* AppDelegate.swift */; };
		389F9EDE1E41332B00EF6F88 /* Main.storyboard in Resources */ = {isa = PBXBuildFile; fileRef = 389F9EDC1E41332B00EF6F88 /* Main.storyboard */; };
		389F9EE11E41332B00EF6F88 /* RenewPass.xcdatamodeld in Sources */ = {isa = PBXBuildFile; fileRef = 389F9EDF1E41332B00EF6F88 /* RenewPass.xcdatamodeld */; };
		389F9EE31E41332B00EF6F88 /* Assets.xcassets in Resources */ = {isa = PBXBuildFile; fileRef = 389F9EE21E41332B00EF6F88 /* Assets.xcassets */; };
		389F9EE61E41332B00EF6F88 /* LaunchScreen.storyboard in Resources */ = {isa = PBXBuildFile; fileRef = 389F9EE41E41332B00EF6F88 /* LaunchScreen.storyboard */; };
		38A83E4C1E5955E80056056C /* Fabric.framework in Frameworks */ = {isa = PBXBuildFile; fileRef = 38A83E4A1E5955E80056056C /* Fabric.framework */; };
		38A83E4D1E5955E80056056C /* Crashlytics.framework in Frameworks */ = {isa = PBXBuildFile; fileRef = 38A83E4B1E5955E80056056C /* Crashlytics.framework */; };
		38D41DC61E55951E00A773C0 /* Renew.js in Resources */ = {isa = PBXBuildFile; fileRef = 38D41DC51E55951E00A773C0 /* Renew.js */; };
		38E9BFE11E568D08005B786D /* AccountManager.swift in Sources */ = {isa = PBXBuildFile; fileRef = 38E9BFE01E568D08005B786D /* AccountManager.swift */; };
/* End PBXBuildFile section */

/* Begin PBXFileReference section */
		380C6FF21E5ED7BF00CD3EBA /* AutoFillInfoForDebug.plist */ = {isa = PBXFileReference; fileEncoding = 4; lastKnownFileType = text.plist.xml; path = AutoFillInfoForDebug.plist; sourceTree = "<group>"; };
		381101BD1E5BF25E00A628F9 /* Cartfile */ = {isa = PBXFileReference; fileEncoding = 4; lastKnownFileType = text; path = Cartfile; sourceTree = "<group>"; };
		381101BF1E5BF42E00A628F9 /* Siren.framework */ = {isa = PBXFileReference; lastKnownFileType = wrapper.framework; name = Siren.framework; path = Carthage/Build/iOS/Siren.framework; sourceTree = "<group>"; };
		381101C21E5C050000A628F9 /* OnePasswordExtension.framework */ = {isa = PBXFileReference; lastKnownFileType = wrapper.framework; name = OnePasswordExtension.framework; path = Carthage/Build/iOS/OnePasswordExtension.framework; sourceTree = "<group>"; };
		381101C41E5C05FA00A628F9 /* SchoolCollectionViewController.swift */ = {isa = PBXFileReference; fileEncoding = 4; lastKnownFileType = sourcecode.swift; path = SchoolCollectionViewController.swift; sourceTree = "<group>"; };
		381101CC1E5C149B00A628F9 /* RenewPass-Bridging-Header.h */ = {isa = PBXFileReference; lastKnownFileType = sourcecode.c.h; path = "RenewPass-Bridging-Header.h"; sourceTree = "<group>"; };
		3816342E1E4C318100B76E78 /* AuthenticationError_UBC.js */ = {isa = PBXFileReference; fileEncoding = 4; lastKnownFileType = sourcecode.javascript; name = AuthenticationError_UBC.js; path = JavaScript/AuthenticationError_UBC.js; sourceTree = "<group>"; };
		381634301E4C322300B76E78 /* AuthenticationError_KPU.js */ = {isa = PBXFileReference; fileEncoding = 4; lastKnownFileType = sourcecode.javascript; name = AuthenticationError_KPU.js; path = JavaScript/AuthenticationError_KPU.js; sourceTree = "<group>"; };
		381634321E4C32A100B76E78 /* AuthenticationError_DC.js */ = {isa = PBXFileReference; fileEncoding = 4; lastKnownFileType = sourcecode.javascript; name = AuthenticationError_DC.js; path = JavaScript/AuthenticationError_DC.js; sourceTree = "<group>"; };
		381634341E4C34E400B76E78 /* AuthenticationError_CU.js */ = {isa = PBXFileReference; fileEncoding = 4; lastKnownFileType = sourcecode.javascript; name = AuthenticationError_CU.js; path = JavaScript/AuthenticationError_CU.js; sourceTree = "<group>"; };
		381634361E4C380500B76E78 /* AuthenticationError_EC.js */ = {isa = PBXFileReference; fileEncoding = 4; lastKnownFileType = sourcecode.javascript; name = AuthenticationError_EC.js; path = JavaScript/AuthenticationError_EC.js; sourceTree = "<group>"; };
		381634381E4C383800B76E78 /* AuthenticationError_BCIT.js */ = {isa = PBXFileReference; fileEncoding = 4; lastKnownFileType = sourcecode.javascript; name = AuthenticationError_BCIT.js; path = JavaScript/AuthenticationError_BCIT.js; sourceTree = "<group>"; };
		3816343A1E4C38C200B76E78 /* AuthenticationError_LC.js */ = {isa = PBXFileReference; fileEncoding = 4; lastKnownFileType = sourcecode.javascript; name = AuthenticationError_LC.js; path = JavaScript/AuthenticationError_LC.js; sourceTree = "<group>"; };
		3816343C1E4C39B500B76E78 /* AuthenticationError_VCC.js */ = {isa = PBXFileReference; fileEncoding = 4; lastKnownFileType = sourcecode.javascript; name = AuthenticationError_VCC.js; path = JavaScript/AuthenticationError_VCC.js; sourceTree = "<group>"; };
		382599A41E41671600349582 /* SignInViewController.swift */ = {isa = PBXFileReference; fileEncoding = 4; lastKnownFileType = sourcecode.swift; path = SignInViewController.swift; sourceTree = "<group>"; };
		382599A61E41675100349582 /* RenewViewController.swift */ = {isa = PBXFileReference; fileEncoding = 4; lastKnownFileType = sourcecode.swift; path = RenewViewController.swift; sourceTree = "<group>"; };
		382599A81E4172B400349582 /* KeychainHelper.swift */ = {isa = PBXFileReference; fileEncoding = 4; lastKnownFileType = sourcecode.swift; path = KeychainHelper.swift; sourceTree = "<group>"; };
		382599AE1E417E0500349582 /* Schools.swift */ = {isa = PBXFileReference; fileEncoding = 4; lastKnownFileType = sourcecode.swift; path = Schools.swift; sourceTree = "<group>"; };
		382599B01E41911400349582 /* SettingsViewController.swift */ = {isa = PBXFileReference; fileEncoding = 4; lastKnownFileType = sourcecode.swift; path = SettingsViewController.swift; sourceTree = "<group>"; };
		385EE1C11E47E01000E83373 /* AuthenticationError_SFU.js */ = {isa = PBXFileReference; fileEncoding = 4; lastKnownFileType = sourcecode.javascript; name = AuthenticationError_SFU.js; path = JavaScript/AuthenticationError_SFU.js; sourceTree = "<group>"; };
		387A1E441E4ACE8800650D32 /* WebView.swift */ = {isa = PBXFileReference; fileEncoding = 4; lastKnownFileType = sourcecode.swift; path = WebView.swift; sourceTree = "<group>"; };
		387A1E461E4ADAA000650D32 /* RenewPassError.swift */ = {isa = PBXFileReference; fileEncoding = 4; lastKnownFileType = sourcecode.swift; path = RenewPassError.swift; sourceTree = "<group>"; };
		387A1E481E4B959700650D32 /* Authenticate_UBC.js */ = {isa = PBXFileReference; fileEncoding = 4; lastKnownFileType = sourcecode.javascript; name = Authenticate_UBC.js; path = JavaScript/Authenticate_UBC.js; sourceTree = "<group>"; };
		387A1E4A1E4C0B1F00650D32 /* Authenticate_KPU.js */ = {isa = PBXFileReference; fileEncoding = 4; lastKnownFileType = sourcecode.javascript; name = Authenticate_KPU.js; path = JavaScript/Authenticate_KPU.js; sourceTree = "<group>"; };
		387A1E4C1E4C0C4200650D32 /* Authenticate_DC.js */ = {isa = PBXFileReference; fileEncoding = 4; lastKnownFileType = sourcecode.javascript; name = Authenticate_DC.js; path = JavaScript/Authenticate_DC.js; sourceTree = "<group>"; };
		387A1E4E1E4C0E1D00650D32 /* Authenticate_BCIT.js */ = {isa = PBXFileReference; fileEncoding = 4; lastKnownFileType = sourcecode.javascript; name = Authenticate_BCIT.js; path = JavaScript/Authenticate_BCIT.js; sourceTree = "<group>"; };
		387A1E501E4C0FF600650D32 /* Authenticate_CU.js */ = {isa = PBXFileReference; fileEncoding = 4; lastKnownFileType = sourcecode.javascript; name = Authenticate_CU.js; path = JavaScript/Authenticate_CU.js; sourceTree = "<group>"; };
		387A1E521E4C10AC00650D32 /* Authenticate_EC.js */ = {isa = PBXFileReference; fileEncoding = 4; lastKnownFileType = sourcecode.javascript; name = Authenticate_EC.js; path = JavaScript/Authenticate_EC.js; sourceTree = "<group>"; };
		387A1E541E4C11E100650D32 /* Authenticate_LC.js */ = {isa = PBXFileReference; fileEncoding = 4; lastKnownFileType = sourcecode.javascript; name = Authenticate_LC.js; path = JavaScript/Authenticate_LC.js; sourceTree = "<group>"; };
		387A1E561E4C12A600650D32 /* Authenticate_VCC.js */ = {isa = PBXFileReference; fileEncoding = 4; lastKnownFileType = sourcecode.javascript; name = Authenticate_VCC.js; path = JavaScript/Authenticate_VCC.js; sourceTree = "<group>"; };
		388C42F11E46A79F00BD1A56 /* SelectSchool.js */ = {isa = PBXFileReference; fileEncoding = 4; lastKnownFileType = sourcecode.javascript; name = SelectSchool.js; path = JavaScript/SelectSchool.js; sourceTree = "<group>"; };
		388C42F31E46AE3300BD1A56 /* Authenticate_SFU.js */ = {isa = PBXFileReference; fileEncoding = 4; lastKnownFileType = sourcecode.javascript; name = Authenticate_SFU.js; path = JavaScript/Authenticate_SFU.js; sourceTree = "<group>"; };
		388C42F51E46B05300BD1A56 /* CheckUPass.js */ = {isa = PBXFileReference; fileEncoding = 4; lastKnownFileType = sourcecode.javascript; name = CheckUPass.js; path = JavaScript/CheckUPass.js; sourceTree = "<group>"; };
		389F9ED51E41332B00EF6F88 /* RenewPass.app */ = {isa = PBXFileReference; explicitFileType = wrapper.application; includeInIndex = 0; path = RenewPass.app; sourceTree = BUILT_PRODUCTS_DIR; };
		389F9ED81E41332B00EF6F88 /* AppDelegate.swift */ = {isa = PBXFileReference; lastKnownFileType = sourcecode.swift; path = AppDelegate.swift; sourceTree = "<group>"; };
		389F9EDD1E41332B00EF6F88 /* Base */ = {isa = PBXFileReference; lastKnownFileType = file.storyboard; name = Base; path = Base.lproj/Main.storyboard; sourceTree = "<group>"; };
		389F9EE01E41332B00EF6F88 /* RenewPass.xcdatamodel */ = {isa = PBXFileReference; lastKnownFileType = wrapper.xcdatamodel; path = RenewPass.xcdatamodel; sourceTree = "<group>"; };
		389F9EE21E41332B00EF6F88 /* Assets.xcassets */ = {isa = PBXFileReference; lastKnownFileType = folder.assetcatalog; path = Assets.xcassets; sourceTree = "<group>"; };
		389F9EE51E41332B00EF6F88 /* Base */ = {isa = PBXFileReference; lastKnownFileType = file.storyboard; name = Base; path = Base.lproj/LaunchScreen.storyboard; sourceTree = "<group>"; };
		389F9EE71E41332B00EF6F88 /* Info.plist */ = {isa = PBXFileReference; lastKnownFileType = text.plist.xml; path = Info.plist; sourceTree = "<group>"; };
		38A83E4A1E5955E80056056C /* Fabric.framework */ = {isa = PBXFileReference; lastKnownFileType = wrapper.framework; path = Fabric.framework; sourceTree = "<group>"; };
		38A83E4B1E5955E80056056C /* Crashlytics.framework */ = {isa = PBXFileReference; lastKnownFileType = wrapper.framework; path = Crashlytics.framework; sourceTree = "<group>"; };
		38D41DC51E55951E00A773C0 /* Renew.js */ = {isa = PBXFileReference; fileEncoding = 4; lastKnownFileType = sourcecode.javascript; name = Renew.js; path = JavaScript/Renew.js; sourceTree = "<group>"; };
		38E9BFE01E568D08005B786D /* AccountManager.swift */ = {isa = PBXFileReference; fileEncoding = 4; lastKnownFileType = sourcecode.swift; path = AccountManager.swift; sourceTree = "<group>"; };
/* End PBXFileReference section */

/* Begin PBXFrameworksBuildPhase section */
		389F9ED21E41332B00EF6F88 /* Frameworks */ = {
			isa = PBXFrameworksBuildPhase;
			buildActionMask = 2147483647;
			files = (
				381101C31E5C050000A628F9 /* OnePasswordExtension.framework in Frameworks */,
				38A83E4D1E5955E80056056C /* Crashlytics.framework in Frameworks */,
				38A83E4C1E5955E80056056C /* Fabric.framework in Frameworks */,
			);
			runOnlyForDeploymentPostprocessing = 0;
		};
/* End PBXFrameworksBuildPhase section */

/* Begin PBXGroup section */
		382599EA1E4199FB00349582 /* Frameworks */ = {
			isa = PBXGroup;
			children = (
				381101C21E5C050000A628F9 /* OnePasswordExtension.framework */,
				381101BF1E5BF42E00A628F9 /* Siren.framework */,
			);
			name = Frameworks;
			sourceTree = "<group>";
		};
		385EE1C41E47E59B00E83373 /* JavaScript */ = {
			isa = PBXGroup;
			children = (
				388C42F11E46A79F00BD1A56 /* SelectSchool.js */,
				388C42F31E46AE3300BD1A56 /* Authenticate_SFU.js */,
				385EE1C11E47E01000E83373 /* AuthenticationError_SFU.js */,
				387A1E481E4B959700650D32 /* Authenticate_UBC.js */,
				3816342E1E4C318100B76E78 /* AuthenticationError_UBC.js */,
				387A1E4A1E4C0B1F00650D32 /* Authenticate_KPU.js */,
				381634301E4C322300B76E78 /* AuthenticationError_KPU.js */,
				387A1E4C1E4C0C4200650D32 /* Authenticate_DC.js */,
				381634321E4C32A100B76E78 /* AuthenticationError_DC.js */,
				387A1E4E1E4C0E1D00650D32 /* Authenticate_BCIT.js */,
				381634381E4C383800B76E78 /* AuthenticationError_BCIT.js */,
				387A1E501E4C0FF600650D32 /* Authenticate_CU.js */,
				381634341E4C34E400B76E78 /* AuthenticationError_CU.js */,
				387A1E521E4C10AC00650D32 /* Authenticate_EC.js */,
				381634361E4C380500B76E78 /* AuthenticationError_EC.js */,
				387A1E541E4C11E100650D32 /* Authenticate_LC.js */,
				3816343A1E4C38C200B76E78 /* AuthenticationError_LC.js */,
				387A1E561E4C12A600650D32 /* Authenticate_VCC.js */,
				3816343C1E4C39B500B76E78 /* AuthenticationError_VCC.js */,
				388C42F51E46B05300BD1A56 /* CheckUPass.js */,
				38D41DC51E55951E00A773C0 /* Renew.js */,
			);
			name = JavaScript;
			sourceTree = "<group>";
		};
		389F9ECC1E41332B00EF6F88 = {
			isa = PBXGroup;
			children = (
				380C6FF21E5ED7BF00CD3EBA /* AutoFillInfoForDebug.plist */,
				381101CC1E5C149B00A628F9 /* RenewPass-Bridging-Header.h */,
				381101BD1E5BF25E00A628F9 /* Cartfile */,
				38A83E4A1E5955E80056056C /* Fabric.framework */,
				38A83E4B1E5955E80056056C /* Crashlytics.framework */,
				389F9ED71E41332B00EF6F88 /* RenewPass */,
				389F9ED61E41332B00EF6F88 /* Products */,
				382599EA1E4199FB00349582 /* Frameworks */,
			);
			sourceTree = "<group>";
		};
		389F9ED61E41332B00EF6F88 /* Products */ = {
			isa = PBXGroup;
			children = (
				389F9ED51E41332B00EF6F88 /* RenewPass.app */,
			);
			name = Products;
			sourceTree = "<group>";
		};
		389F9ED71E41332B00EF6F88 /* RenewPass */ = {
			isa = PBXGroup;
			children = (
				389F9ED81E41332B00EF6F88 /* AppDelegate.swift */,
				387A1E441E4ACE8800650D32 /* WebView.swift */,
				38A3D63D1E65201C00440D38 /* View Controllers */,
				38E9BFE01E568D08005B786D /* AccountManager.swift */,
				387A1E461E4ADAA000650D32 /* RenewPassError.swift */,
				382599AE1E417E0500349582 /* Schools.swift */,
				382599A81E4172B400349582 /* KeychainHelper.swift */,
				385EE1C41E47E59B00E83373 /* JavaScript */,
				389F9EDC1E41332B00EF6F88 /* Main.storyboard */,
				389F9EE21E41332B00EF6F88 /* Assets.xcassets */,
				389F9EE41E41332B00EF6F88 /* LaunchScreen.storyboard */,
				389F9EE71E41332B00EF6F88 /* Info.plist */,
				389F9EDF1E41332B00EF6F88 /* RenewPass.xcdatamodeld */,
			);
			path = RenewPass;
			sourceTree = "<group>";
		};
		38A3D63D1E65201C00440D38 /* View Controllers */ = {
			isa = PBXGroup;
			children = (
				382599A41E41671600349582 /* SignInViewController.swift */,
				381101C41E5C05FA00A628F9 /* SchoolCollectionViewController.swift */,
				382599B01E41911400349582 /* SettingsViewController.swift */,
				382599A61E41675100349582 /* RenewViewController.swift */,
			);
			name = "View Controllers";
			sourceTree = "<group>";
		};
/* End PBXGroup section */

/* Begin PBXNativeTarget section */
		389F9ED41E41332B00EF6F88 /* RenewPass */ = {
			isa = PBXNativeTarget;
			buildConfigurationList = 389F9EEA1E41332B00EF6F88 /* Build configuration list for PBXNativeTarget "RenewPass" */;
			buildPhases = (
				389F9ED11E41332B00EF6F88 /* Sources */,
				389F9ED21E41332B00EF6F88 /* Frameworks */,
				389F9ED31E41332B00EF6F88 /* Resources */,
				385EE1C31E47E38500E83373 /* Update Build Number */,
				38A83E491E5955A80056056C /* Crashlytics */,
				381101C11E5BF47300A628F9 /* Carthage */,
			);
			buildRules = (
			);
			dependencies = (
			);
			name = RenewPass;
			productName = RenewPass;
			productReference = 389F9ED51E41332B00EF6F88 /* RenewPass.app */;
			productType = "com.apple.product-type.application";
		};
/* End PBXNativeTarget section */

/* Begin PBXProject section */
		389F9ECD1E41332B00EF6F88 /* Project object */ = {
			isa = PBXProject;
			attributes = {
				LastSwiftUpdateCheck = 0820;
				LastUpgradeCheck = 0820;
				ORGANIZATIONNAME = "Kino Roy";
				TargetAttributes = {
					389F9ED41E41332B00EF6F88 = {
						CreatedOnToolsVersion = 8.2;
						DevelopmentTeam = 7ZNE25EY4B;
						LastSwiftMigration = 0820;
						ProvisioningStyle = Automatic;
						SystemCapabilities = {
							com.apple.BackgroundModes = {
								enabled = 1;
							};
						};
					};
				};
			};
			buildConfigurationList = 389F9ED01E41332B00EF6F88 /* Build configuration list for PBXProject "RenewPass" */;
			compatibilityVersion = "Xcode 3.2";
			developmentRegion = English;
			hasScannedForEncodings = 0;
			knownRegions = (
				en,
				Base,
			);
			mainGroup = 389F9ECC1E41332B00EF6F88;
			productRefGroup = 389F9ED61E41332B00EF6F88 /* Products */;
			projectDirPath = "";
			projectRoot = "";
			targets = (
				389F9ED41E41332B00EF6F88 /* RenewPass */,
			);
		};
/* End PBXProject section */

/* Begin PBXResourcesBuildPhase section */
		389F9ED31E41332B00EF6F88 /* Resources */ = {
			isa = PBXResourcesBuildPhase;
			buildActionMask = 2147483647;
			files = (
				381634331E4C32A100B76E78 /* AuthenticationError_DC.js in Resources */,
				389F9EE61E41332B00EF6F88 /* LaunchScreen.storyboard in Resources */,
				389F9EE31E41332B00EF6F88 /* Assets.xcassets in Resources */,
				381101BE1E5BF25E00A628F9 /* Cartfile in Resources */,
				381634351E4C34E400B76E78 /* AuthenticationError_CU.js in Resources */,
				387A1E4D1E4C0C4200650D32 /* Authenticate_DC.js in Resources */,
				381634311E4C322300B76E78 /* AuthenticationError_KPU.js in Resources */,
				388C42F21E46A79F00BD1A56 /* SelectSchool.js in Resources */,
				387A1E4B1E4C0B1F00650D32 /* Authenticate_KPU.js in Resources */,
				388C42F41E46AE3300BD1A56 /* Authenticate_SFU.js in Resources */,
				381634371E4C380500B76E78 /* AuthenticationError_EC.js in Resources */,
				387A1E531E4C10AC00650D32 /* Authenticate_EC.js in Resources */,
				387A1E4F1E4C0E1D00650D32 /* Authenticate_BCIT.js in Resources */,
				3816342F1E4C318100B76E78 /* AuthenticationError_UBC.js in Resources */,
				388C42F61E46B05300BD1A56 /* CheckUPass.js in Resources */,
				381634391E4C383800B76E78 /* AuthenticationError_BCIT.js in Resources */,
				380C6FF31E5ED7BF00CD3EBA /* AutoFillInfoForDebug.plist in Resources */,
				38D41DC61E55951E00A773C0 /* Renew.js in Resources */,
				3816343D1E4C39B500B76E78 /* AuthenticationError_VCC.js in Resources */,
				385EE1C21E47E01000E83373 /* AuthenticationError_SFU.js in Resources */,
				3816343B1E4C38C200B76E78 /* AuthenticationError_LC.js in Resources */,
				387A1E551E4C11E100650D32 /* Authenticate_LC.js in Resources */,
				387A1E491E4B959700650D32 /* Authenticate_UBC.js in Resources */,
				389F9EDE1E41332B00EF6F88 /* Main.storyboard in Resources */,
				387A1E511E4C0FF600650D32 /* Authenticate_CU.js in Resources */,
				387A1E571E4C12A600650D32 /* Authenticate_VCC.js in Resources */,
			);
			runOnlyForDeploymentPostprocessing = 0;
		};
/* End PBXResourcesBuildPhase section */

/* Begin PBXShellScriptBuildPhase section */
		381101C11E5BF47300A628F9 /* Carthage */ = {
			isa = PBXShellScriptBuildPhase;
			buildActionMask = 2147483647;
			files = (
			);
			inputPaths = (
				"$(SRCROOT)/Carthage/Build/iOS/OnePasswordExtension.framework",
			);
			name = Carthage;
			outputPaths = (
			);
			runOnlyForDeploymentPostprocessing = 0;
			shellPath = /bin/sh;
			shellScript = "/usr/local/bin/carthage copy-frameworks";
		};
		385EE1C31E47E38500E83373 /* Update Build Number */ = {
			isa = PBXShellScriptBuildPhase;
			buildActionMask = 2147483647;
			files = (
			);
			inputPaths = (
			);
			name = "Update Build Number";
			outputPaths = (
			);
			runOnlyForDeploymentPostprocessing = 0;
			shellPath = /bin/sh;
			shellScript = "#Updates the build number to the number of git commits\ngit=`sh /etc/profile; which git`\nappBuild=`\"$git\" rev-list HEAD --count`\nif [ $CONFIGURATION = \"Debug\" ]; then\nbranchName=`\"$git\" rev-parse --abbrev-ref HEAD`\n/usr/libexec/PlistBuddy -c \"Set :CFBundleVersion $appBuild-$branchName\" \"${TARGET_BUILD_DIR}/${INFOPLIST_PATH}\"\n/usr/libexec/PlistBuddy -c \"Set :CFBundleVersion $appBuild-$branchName\" \"${BUILT_PRODUCTS_DIR}/${WRAPPER_NAME}.dSYM/Contents/Info.plist\"\nelse\n/usr/libexec/PlistBuddy -c \"Set :CFBundleVersion $appBuild\" \"${TARGET_BUILD_DIR}/${INFOPLIST_PATH}\"\n/usr/libexec/PlistBuddy -c \"Set :CFBundleVersion $appBuild\" \"${BUILT_PRODUCTS_DIR}/${WRAPPER_NAME}.dSYM/Contents/Info.plist\"\nfi\necho \"Incremented the build number ${TARGET_BUILD_DIR}/${INFOPLIST_PATH}\"";
		};
		38A83E491E5955A80056056C /* Crashlytics */ = {
			isa = PBXShellScriptBuildPhase;
			buildActionMask = 2147483647;
			files = (
			);
			inputPaths = (
			);
			name = Crashlytics;
			outputPaths = (
			);
			runOnlyForDeploymentPostprocessing = 0;
			shellPath = /bin/sh;
			shellScript = "./Fabric.framework/run ce250a82153ef9ce56855d73ead01da42f329557 c425773c19f3b12d4069841ed15a49555cc53d15daece5c88b5fbdae7f8ef69f";
		};
/* End PBXShellScriptBuildPhase section */

/* Begin PBXSourcesBuildPhase section */
		389F9ED11E41332B00EF6F88 /* Sources */ = {
			isa = PBXSourcesBuildPhase;
			buildActionMask = 2147483647;
			files = (
				382599A71E41675100349582 /* RenewViewController.swift in Sources */,
				38E9BFE11E568D08005B786D /* AccountManager.swift in Sources */,
				387A1E451E4ACE8800650D32 /* WebView.swift in Sources */,
				389F9ED91E41332B00EF6F88 /* AppDelegate.swift in Sources */,
				382599B11E41911400349582 /* SettingsViewController.swift in Sources */,
				389F9EE11E41332B00EF6F88 /* RenewPass.xcdatamodeld in Sources */,
				382599A91E4172B400349582 /* KeychainHelper.swift in Sources */,
				381101C51E5C05FA00A628F9 /* SchoolCollectionViewController.swift in Sources */,
				382599A51E41671600349582 /* SignInViewController.swift in Sources */,
				382599AF1E417E0500349582 /* Schools.swift in Sources */,
				387A1E471E4ADAA000650D32 /* RenewPassError.swift in Sources */,
			);
			runOnlyForDeploymentPostprocessing = 0;
		};
/* End PBXSourcesBuildPhase section */

/* Begin PBXVariantGroup section */
		389F9EDC1E41332B00EF6F88 /* Main.storyboard */ = {
			isa = PBXVariantGroup;
			children = (
				389F9EDD1E41332B00EF6F88 /* Base */,
			);
			name = Main.storyboard;
			sourceTree = "<group>";
		};
		389F9EE41E41332B00EF6F88 /* LaunchScreen.storyboard */ = {
			isa = PBXVariantGroup;
			children = (
				389F9EE51E41332B00EF6F88 /* Base */,
			);
			name = LaunchScreen.storyboard;
			sourceTree = "<group>";
		};
/* End PBXVariantGroup section */

/* Begin XCBuildConfiguration section */
		389F9EE81E41332B00EF6F88 /* Debug */ = {
			isa = XCBuildConfiguration;
			buildSettings = {
				ALWAYS_SEARCH_USER_PATHS = NO;
				CLANG_ANALYZER_NONNULL = YES;
				CLANG_CXX_LANGUAGE_STANDARD = "gnu++0x";
				CLANG_CXX_LIBRARY = "libc++";
				CLANG_ENABLE_MODULES = YES;
				CLANG_ENABLE_OBJC_ARC = YES;
				CLANG_WARN_BOOL_CONVERSION = YES;
				CLANG_WARN_CONSTANT_CONVERSION = YES;
				CLANG_WARN_DIRECT_OBJC_ISA_USAGE = YES_ERROR;
				CLANG_WARN_DOCUMENTATION_COMMENTS = YES;
				CLANG_WARN_EMPTY_BODY = YES;
				CLANG_WARN_ENUM_CONVERSION = YES;
				CLANG_WARN_INFINITE_RECURSION = YES;
				CLANG_WARN_INT_CONVERSION = YES;
				CLANG_WARN_OBJC_ROOT_CLASS = YES_ERROR;
				CLANG_WARN_SUSPICIOUS_MOVE = YES;
				CLANG_WARN_UNREACHABLE_CODE = YES;
				CLANG_WARN__DUPLICATE_METHOD_MATCH = YES;
				"CODE_SIGN_IDENTITY[sdk=iphoneos*]" = "iPhone Developer";
				COPY_PHASE_STRIP = NO;
				DEBUG_INFORMATION_FORMAT = "dwarf-with-dsym";
				ENABLE_STRICT_OBJC_MSGSEND = YES;
				ENABLE_TESTABILITY = YES;
				GCC_C_LANGUAGE_STANDARD = gnu99;
				GCC_DYNAMIC_NO_PIC = NO;
				GCC_NO_COMMON_BLOCKS = YES;
				GCC_OPTIMIZATION_LEVEL = 0;
				GCC_PREPROCESSOR_DEFINITIONS = (
					"DEBUG=1",
					"$(inherited)",
				);
				GCC_WARN_64_TO_32_BIT_CONVERSION = YES;
				GCC_WARN_ABOUT_RETURN_TYPE = YES_ERROR;
				GCC_WARN_UNDECLARED_SELECTOR = YES;
				GCC_WARN_UNINITIALIZED_AUTOS = YES_AGGRESSIVE;
				GCC_WARN_UNUSED_FUNCTION = YES;
				GCC_WARN_UNUSED_VARIABLE = YES;
				IPHONEOS_DEPLOYMENT_TARGET = 10.2;
				MTL_ENABLE_DEBUG_INFO = YES;
				ONLY_ACTIVE_ARCH = YES;
				SDKROOT = iphoneos;
				SWIFT_ACTIVE_COMPILATION_CONDITIONS = DEBUG;
				SWIFT_OPTIMIZATION_LEVEL = "-Onone";
			};
			name = Debug;
		};
		389F9EE91E41332B00EF6F88 /* Release */ = {
			isa = XCBuildConfiguration;
			buildSettings = {
				ALWAYS_SEARCH_USER_PATHS = NO;
				CLANG_ANALYZER_NONNULL = YES;
				CLANG_CXX_LANGUAGE_STANDARD = "gnu++0x";
				CLANG_CXX_LIBRARY = "libc++";
				CLANG_ENABLE_MODULES = YES;
				CLANG_ENABLE_OBJC_ARC = YES;
				CLANG_WARN_BOOL_CONVERSION = YES;
				CLANG_WARN_CONSTANT_CONVERSION = YES;
				CLANG_WARN_DIRECT_OBJC_ISA_USAGE = YES_ERROR;
				CLANG_WARN_DOCUMENTATION_COMMENTS = YES;
				CLANG_WARN_EMPTY_BODY = YES;
				CLANG_WARN_ENUM_CONVERSION = YES;
				CLANG_WARN_INFINITE_RECURSION = YES;
				CLANG_WARN_INT_CONVERSION = YES;
				CLANG_WARN_OBJC_ROOT_CLASS = YES_ERROR;
				CLANG_WARN_SUSPICIOUS_MOVE = YES;
				CLANG_WARN_UNREACHABLE_CODE = YES;
				CLANG_WARN__DUPLICATE_METHOD_MATCH = YES;
				"CODE_SIGN_IDENTITY[sdk=iphoneos*]" = "iPhone Developer";
				COPY_PHASE_STRIP = NO;
				DEBUG_INFORMATION_FORMAT = "dwarf-with-dsym";
				ENABLE_NS_ASSERTIONS = NO;
				ENABLE_STRICT_OBJC_MSGSEND = YES;
				GCC_C_LANGUAGE_STANDARD = gnu99;
				GCC_NO_COMMON_BLOCKS = YES;
				GCC_WARN_64_TO_32_BIT_CONVERSION = YES;
				GCC_WARN_ABOUT_RETURN_TYPE = YES_ERROR;
				GCC_WARN_UNDECLARED_SELECTOR = YES;
				GCC_WARN_UNINITIALIZED_AUTOS = YES_AGGRESSIVE;
				GCC_WARN_UNUSED_FUNCTION = YES;
				GCC_WARN_UNUSED_VARIABLE = YES;
				IPHONEOS_DEPLOYMENT_TARGET = 10.2;
				MTL_ENABLE_DEBUG_INFO = NO;
				SDKROOT = iphoneos;
				SWIFT_OPTIMIZATION_LEVEL = "-Owholemodule";
				VALIDATE_PRODUCT = YES;
			};
			name = Release;
		};
		389F9EEB1E41332B00EF6F88 /* Debug */ = {
			isa = XCBuildConfiguration;
			buildSettings = {
				ALWAYS_EMBED_SWIFT_STANDARD_LIBRARIES = YES;
				ASSETCATALOG_COMPILER_APPICON_NAME = AppIcon;
				CLANG_ENABLE_MODULES = YES;
				"CODE_SIGN_IDENTITY[sdk=iphoneos*]" = "iPhone Developer";
				DEVELOPMENT_TEAM = 7ZNE25EY4B;
				FRAMEWORK_SEARCH_PATHS = (
					"$(inherited)",
					"$(PROJECT_DIR)",
					"$(PROJECT_DIR)/Carthage/Build/iOS",
				);
				INFOPLIST_FILE = RenewPass/Info.plist;
				LD_RUNPATH_SEARCH_PATHS = "$(inherited) @executable_path/Frameworks";
				PRODUCT_BUNDLE_IDENTIFIER = com.kinoroy.RenewPass;
				PRODUCT_NAME = "$(TARGET_NAME)";
				SWIFT_OBJC_BRIDGING_HEADER = "RenewPass-Bridging-Header.h";
				SWIFT_OPTIMIZATION_LEVEL = "-Onone";
				SWIFT_VERSION = 3.0;
				TARGETED_DEVICE_FAMILY = "1,2";
			};
			name = Debug;
		};
		389F9EEC1E41332B00EF6F88 /* Release */ = {
			isa = XCBuildConfiguration;
			buildSettings = {
				ALWAYS_EMBED_SWIFT_STANDARD_LIBRARIES = YES;
				ASSETCATALOG_COMPILER_APPICON_NAME = AppIcon;
				CLANG_ENABLE_MODULES = YES;
				"CODE_SIGN_IDENTITY[sdk=iphoneos*]" = "iPhone Developer";
				DEVELOPMENT_TEAM = 7ZNE25EY4B;
				FRAMEWORK_SEARCH_PATHS = (
					"$(inherited)",
					"$(PROJECT_DIR)",
					"$(PROJECT_DIR)/Carthage/Build/iOS",
				);
				INFOPLIST_FILE = RenewPass/Info.plist;
				LD_RUNPATH_SEARCH_PATHS = "$(inherited) @executable_path/Frameworks";
				PRODUCT_BUNDLE_IDENTIFIER = com.kinoroy.RenewPass;
				PRODUCT_NAME = "$(TARGET_NAME)";
				SWIFT_OBJC_BRIDGING_HEADER = "RenewPass-Bridging-Header.h";
				SWIFT_VERSION = 3.0;
				TARGETED_DEVICE_FAMILY = "1,2";
			};
			name = Release;
		};
/* End XCBuildConfiguration section */

/* Begin XCConfigurationList section */
		389F9ED01E41332B00EF6F88 /* Build configuration list for PBXProject "RenewPass" */ = {
			isa = XCConfigurationList;
			buildConfigurations = (
				389F9EE81E41332B00EF6F88 /* Debug */,
				389F9EE91E41332B00EF6F88 /* Release */,
			);
			defaultConfigurationIsVisible = 0;
			defaultConfigurationName = Release;
		};
		389F9EEA1E41332B00EF6F88 /* Build configuration list for PBXNativeTarget "RenewPass" */ = {
			isa = XCConfigurationList;
			buildConfigurations = (
				389F9EEB1E41332B00EF6F88 /* Debug */,
				389F9EEC1E41332B00EF6F88 /* Release */,
			);
			defaultConfigurationIsVisible = 0;
			defaultConfigurationName = Release;
		};
/* End XCConfigurationList section */

/* Begin XCVersionGroup section */
		389F9EDF1E41332B00EF6F88 /* RenewPass.xcdatamodeld */ = {
			isa = XCVersionGroup;
			children = (
				389F9EE01E41332B00EF6F88 /* RenewPass.xcdatamodel */,
			);
			currentVersion = 389F9EE01E41332B00EF6F88 /* RenewPass.xcdatamodel */;
			path = RenewPass.xcdatamodeld;
			sourceTree = "<group>";
			versionGroupType = wrapper.xcdatamodel;
		};
/* End XCVersionGroup section */
	};
	rootObject = 389F9ECD1E41332B00EF6F88 /* Project object */;
}
